
Microsoft Visual Studio Solution File, Format Version 12.00
# Visual Studio Version 16
VisualStudioVersion = 16.0.30114.105
MinimumVisualStudioVersion = 10.0.40219.1
Project("{FAE04EC0-301F-11D3-BF4B-00C04F79EFBC}") = "Api", "Api\Api.csproj", "{EAE108FE-4D8C-45F1-977A-F6EA7DC33346}"
EndProject
Project("{FAE04EC0-301F-11D3-BF4B-00C04F79EFBC}") = "AcceptanceTests", "AcceptanceTests\AcceptanceTests.csproj", "{7858379C-E904-4074-93A0-66D0194F3C6A}"
EndProject
Project("{FAE04EC0-301F-11D3-BF4B-00C04F79EFBC}") = "DataAccess", "DataAccess\DataAccess.csproj", "{7D75D61F-BCAB-4277-B78E-D648DEA14D9C}"
EndProject
Project("{FAE04EC0-301F-11D3-BF4B-00C04F79EFBC}") = "Api.Tests", "Api.Tests\Api.Tests.csproj", "{CE84BDBA-9532-405E-9123-D79786945E78}"
EndProject
Project("{FAE04EC0-301F-11D3-BF4B-00C04F79EFBC}") = "ConsoleClient", "ConsoleClient\ConsoleClient.csproj", "{E9340E01-F024-4185-B631-0CD0D77FB89B}"
EndProject
Project("{FAE04EC0-301F-11D3-BF4B-00C04F79EFBC}") = "Api.Models", "Api.Models\Api.Models.csproj", "{079ACABE-69B7-4C90-B40F-3891952FC4AE}"
EndProject
Global
	GlobalSection(SolutionConfigurationPlatforms) = preSolution
		Debug|Any CPU = Debug|Any CPU
		Debug|x64 = Debug|x64
		Debug|x86 = Debug|x86
		Release|Any CPU = Release|Any CPU
		Release|x64 = Release|x64
		Release|x86 = Release|x86
	EndGlobalSection
	GlobalSection(SolutionProperties) = preSolution
		HideSolutionNode = FALSE
	EndGlobalSection
	GlobalSection(ProjectConfigurationPlatforms) = postSolution
		{EAE108FE-4D8C-45F1-977A-F6EA7DC33346}.Debug|Any CPU.ActiveCfg = Debug|Any CPU
		{EAE108FE-4D8C-45F1-977A-F6EA7DC33346}.Debug|Any CPU.Build.0 = Debug|Any CPU
		{EAE108FE-4D8C-45F1-977A-F6EA7DC33346}.Debug|x64.ActiveCfg = Debug|Any CPU
		{EAE108FE-4D8C-45F1-977A-F6EA7DC33346}.Debug|x64.Build.0 = Debug|Any CPU
		{EAE108FE-4D8C-45F1-977A-F6EA7DC33346}.Debug|x86.ActiveCfg = Debug|Any CPU
		{EAE108FE-4D8C-45F1-977A-F6EA7DC33346}.Debug|x86.Build.0 = Debug|Any CPU
		{EAE108FE-4D8C-45F1-977A-F6EA7DC33346}.Release|Any CPU.ActiveCfg = Release|Any CPU
		{EAE108FE-4D8C-45F1-977A-F6EA7DC33346}.Release|Any CPU.Build.0 = Release|Any CPU
		{EAE108FE-4D8C-45F1-977A-F6EA7DC33346}.Release|x64.ActiveCfg = Release|Any CPU
		{EAE108FE-4D8C-45F1-977A-F6EA7DC33346}.Release|x64.Build.0 = Release|Any CPU
		{EAE108FE-4D8C-45F1-977A-F6EA7DC33346}.Release|x86.ActiveCfg = Release|Any CPU
		{EAE108FE-4D8C-45F1-977A-F6EA7DC33346}.Release|x86.Build.0 = Release|Any CPU
		{7858379C-E904-4074-93A0-66D0194F3C6A}.Debug|Any CPU.ActiveCfg = Debug|Any CPU
		{7858379C-E904-4074-93A0-66D0194F3C6A}.Debug|Any CPU.Build.0 = Debug|Any CPU
		{7858379C-E904-4074-93A0-66D0194F3C6A}.Debug|x64.ActiveCfg = Debug|Any CPU
		{7858379C-E904-4074-93A0-66D0194F3C6A}.Debug|x64.Build.0 = Debug|Any CPU
		{7858379C-E904-4074-93A0-66D0194F3C6A}.Debug|x86.ActiveCfg = Debug|Any CPU
		{7858379C-E904-4074-93A0-66D0194F3C6A}.Debug|x86.Build.0 = Debug|Any CPU
		{7858379C-E904-4074-93A0-66D0194F3C6A}.Release|Any CPU.ActiveCfg = Release|Any CPU
		{7858379C-E904-4074-93A0-66D0194F3C6A}.Release|Any CPU.Build.0 = Release|Any CPU
		{7858379C-E904-4074-93A0-66D0194F3C6A}.Release|x64.ActiveCfg = Release|Any CPU
		{7858379C-E904-4074-93A0-66D0194F3C6A}.Release|x64.Build.0 = Release|Any CPU
		{7858379C-E904-4074-93A0-66D0194F3C6A}.Release|x86.ActiveCfg = Release|Any CPU
		{7858379C-E904-4074-93A0-66D0194F3C6A}.Release|x86.Build.0 = Release|Any CPU
		{7D75D61F-BCAB-4277-B78E-D648DEA14D9C}.Debug|Any CPU.ActiveCfg = Debug|Any CPU
		{7D75D61F-BCAB-4277-B78E-D648DEA14D9C}.Debug|Any CPU.Build.0 = Debug|Any CPU
		{7D75D61F-BCAB-4277-B78E-D648DEA14D9C}.Debug|x64.ActiveCfg = Debug|Any CPU
		{7D75D61F-BCAB-4277-B78E-D648DEA14D9C}.Debug|x64.Build.0 = Debug|Any CPU
		{7D75D61F-BCAB-4277-B78E-D648DEA14D9C}.Debug|x86.ActiveCfg = Debug|Any CPU
		{7D75D61F-BCAB-4277-B78E-D648DEA14D9C}.Debug|x86.Build.0 = Debug|Any CPU
		{7D75D61F-BCAB-4277-B78E-D648DEA14D9C}.Release|Any CPU.ActiveCfg = Release|Any CPU
		{7D75D61F-BCAB-4277-B78E-D648DEA14D9C}.Release|Any CPU.Build.0 = Release|Any CPU
		{7D75D61F-BCAB-4277-B78E-D648DEA14D9C}.Release|x64.ActiveCfg = Release|Any CPU
		{7D75D61F-BCAB-4277-B78E-D648DEA14D9C}.Release|x64.Build.0 = Release|Any CPU
		{7D75D61F-BCAB-4277-B78E-D648DEA14D9C}.Release|x86.ActiveCfg = Release|Any CPU
		{7D75D61F-BCAB-4277-B78E-D648DEA14D9C}.Release|x86.Build.0 = Release|Any CPU
		{CE84BDBA-9532-405E-9123-D79786945E78}.Debug|Any CPU.ActiveCfg = Debug|Any CPU
		{CE84BDBA-9532-405E-9123-D79786945E78}.Debug|Any CPU.Build.0 = Debug|Any CPU
		{CE84BDBA-9532-405E-9123-D79786945E78}.Debug|x64.ActiveCfg = Debug|Any CPU
		{CE84BDBA-9532-405E-9123-D79786945E78}.Debug|x64.Build.0 = Debug|Any CPU
		{CE84BDBA-9532-405E-9123-D79786945E78}.Debug|x86.ActiveCfg = Debug|Any CPU
		{CE84BDBA-9532-405E-9123-D79786945E78}.Debug|x86.Build.0 = Debug|Any CPU
		{CE84BDBA-9532-405E-9123-D79786945E78}.Release|Any CPU.ActiveCfg = Release|Any CPU
		{CE84BDBA-9532-405E-9123-D79786945E78}.Release|Any CPU.Build.0 = Release|Any CPU
		{CE84BDBA-9532-405E-9123-D79786945E78}.Release|x64.ActiveCfg = Release|Any CPU
		{CE84BDBA-9532-405E-9123-D79786945E78}.Release|x64.Build.0 = Release|Any CPU
		{CE84BDBA-9532-405E-9123-D79786945E78}.Release|x86.ActiveCfg = Release|Any CPU
		{CE84BDBA-9532-405E-9123-D79786945E78}.Release|x86.Build.0 = Release|Any CPU
		{E9340E01-F024-4185-B631-0CD0D77FB89B}.Debug|Any CPU.ActiveCfg = Debug|Any CPU
		{E9340E01-F024-4185-B631-0CD0D77FB89B}.Debug|Any CPU.Build.0 = Debug|Any CPU
		{E9340E01-F024-4185-B631-0CD0D77FB89B}.Debug|x64.ActiveCfg = Debug|Any CPU
		{E9340E01-F024-4185-B631-0CD0D77FB89B}.Debug|x64.Build.0 = Debug|Any CPU
		{E9340E01-F024-4185-B631-0CD0D77FB89B}.Debug|x86.ActiveCfg = Debug|Any CPU
		{E9340E01-F024-4185-B631-0CD0D77FB89B}.Debug|x86.Build.0 = Debug|Any CPU
		{E9340E01-F024-4185-B631-0CD0D77FB89B}.Release|Any CPU.ActiveCfg = Release|Any CPU
		{E9340E01-F024-4185-B631-0CD0D77FB89B}.Release|Any CPU.Build.0 = Release|Any CPU
		{E9340E01-F024-4185-B631-0CD0D77FB89B}.Release|x64.ActiveCfg = Release|Any CPU
		{E9340E01-F024-4185-B631-0CD0D77FB89B}.Release|x64.Build.0 = Release|Any CPU
		{E9340E01-F024-4185-B631-0CD0D77FB89B}.Release|x86.ActiveCfg = Release|Any CPU
		{E9340E01-F024-4185-B631-0CD0D77FB89B}.Release|x86.Build.0 = Release|Any CPU
		{079ACABE-69B7-4C90-B40F-3891952FC4AE}.Debug|Any CPU.ActiveCfg = Debug|Any CPU
		{079ACABE-69B7-4C90-B40F-3891952FC4AE}.Debug|Any CPU.Build.0 = Debug|Any CPU
		{079ACABE-69B7-4C90-B40F-3891952FC4AE}.Debug|x64.ActiveCfg = Debug|Any CPU
		{079ACABE-69B7-4C90-B40F-3891952FC4AE}.Debug|x64.Build.0 = Debug|Any CPU
		{079ACABE-69B7-4C90-B40F-3891952FC4AE}.Debug|x86.ActiveCfg = Debug|Any CPU
		{079ACABE-69B7-4C90-B40F-3891952FC4AE}.Debug|x86.Build.0 = Debug|Any CPU
		{079ACABE-69B7-4C90-B40F-3891952FC4AE}.Release|Any CPU.ActiveCfg = Release|Any CPU
		{079ACABE-69B7-4C90-B40F-3891952FC4AE}.Release|Any CPU.Build.0 = Release|Any CPU
		{079ACABE-69B7-4C90-B40F-3891952FC4AE}.Release|x64.ActiveCfg = Release|Any CPU
		{079ACABE-69B7-4C90-B40F-3891952FC4AE}.Release|x64.Build.0 = Release|Any CPU
		{079ACABE-69B7-4C90-B40F-3891952FC4AE}.Release|x86.ActiveCfg = Release|Any CPU
		{079ACABE-69B7-4C90-B40F-3891952FC4AE}.Release|x86.Build.0 = Release|Any CPU
	EndGlobalSection
EndGlobal
